
Microsoft Visual Studio Solution File, Format Version 12.00
# Visual Studio Version 17
VisualStudioVersion = 17.6.33723.286
MinimumVisualStudioVersion = 10.0.40219.1
Project("{FAE04EC0-301F-11D3-BF4B-00C04F79EFBC}") = "ExtratorZipZpl", "ExtratorZipZpl.csproj", "{DF078944-83DE-42A4-AD6E-D789F4BF6F62}"
EndProject
Global
	GlobalSection(SolutionConfigurationPlatforms) = preSolution
		Debug|Any CPU = Debug|Any CPU
		Release|Any CPU = Release|Any CPU
	EndGlobalSection
	GlobalSection(ProjectConfigurationPlatforms) = postSolution
		{DF078944-83DE-42A4-AD6E-D789F4BF6F62}.Debug|Any CPU.ActiveCfg = Debug|Any CPU
		{DF078944-83DE-42A4-AD6E-D789F4BF6F62}.Debug|Any CPU.Build.0 = Debug|Any CPU
		{DF078944-83DE-42A4-AD6E-D789F4BF6F62}.Release|Any CPU.ActiveCfg = Release|Any CPU
		{DF078944-83DE-42A4-AD6E-D789F4BF6F62}.Release|Any CPU.Build.0 = Release|Any CPU
	EndGlobalSection
	GlobalSection(SolutionProperties) = preSolution
		HideSolutionNode = FALSE
	EndGlobalSection
	GlobalSection(ExtensibilityGlobals) = postSolution
		SolutionGuid = {3F46D5C8-51F8-4AEA-B030-B6B7FC68FDB4}
	EndGlobalSection
EndGlobal
